# THIS IS AN AUTOGENERATED FILE. DO NOT EDIT THIS FILE DIRECTLY.
# yarn lockfile v1


bootstrap@~4.3.1:
  version "4.3.1"
  resolved "https://registry.yarnpkg.com/bootstrap/-/bootstrap-4.3.1.tgz#280ca8f610504d99d7b6b4bfc4b68cec601704ac"
  integrity sha512-rXqOmH1VilAt2DyPzluTi2blhk17bO7ef+zLLPlWvG494pDxcM234pJ8wTc/6R40UWizAIIMgxjvxZg5kmsbag==

jquery-tokeninput@~1.6.0:
  version "1.6.0"
  resolved "https://registry.yarnpkg.com/jquery-tokeninput/-/jquery-tokeninput-1.6.0.tgz#a3d61a41fb5e6ca4095914019c92d3d43e61cc03"
  integrity sha1-o9YaQftebKQJWRQBnJLT1D5hzAM=

jquery@^3.4.1:
  version "3.4.1"
  resolved "https://registry.yarnpkg.com/jquery/-/jquery-3.4.1.tgz#714f1f8d9dde4bdfa55764ba37ef214630d80ef2"
  integrity sha512-36+AdBzCL+y6qjw5Tx7HgzeGCzC81MDDgaUP8ld2zhx58HdqXGoBd+tHdrBMiyjGQs0Hxs/MLZTu/eHNJJuWPw==

moment@^2.24.0:
  version "2.24.0"
  resolved "https://registry.yarnpkg.com/moment/-/moment-2.24.0.tgz#0d055d53f5052aa653c9f6eb68bb5d12bf5c2b5b"
  integrity sha512-bV7f+6l2QigeBBZSM/6yTNq4P2fNpSWj/0e7jQcy87A8e7o2nAfP/34/2ky5Vw4B9S446EtIhodAzkFCcR4dQg==

momentjs@^2.0.0:
  version "2.0.0"
  resolved "https://registry.yarnpkg.com/momentjs/-/momentjs-2.0.0.tgz#73df904b4fa418f6e3c605e831cef6ed5518ebd4"
  integrity sha1-c9+QS0+kGPbjxgXoMc727VUY69Q=

popper.js@^1.16.0:
  version "1.16.0"
  resolved "https://registry.yarnpkg.com/popper.js/-/popper.js-1.16.0.tgz#2e1816bcbbaa518ea6c2e15a466f4cb9c6e2fbb3"
  integrity sha512-+G+EkOPoE5S/zChTpmBSSDYmhXJ5PsW8eMhH8cP/CQHMFPBG/kC9Y5IIw6qNYgdJ+/COf0ddY2li28iHaZRSjw==
